schema-version = 2
project-vendor = "Bottlerocket"

[sdk]
name = "bottlerocket-sdk"
version = "0.66.0"
vendor = "bottlerocket"
source = "public.ecr.aws/bottlerocket/bottlerocket-sdk:v0.66.0"
digest = "0LNg8ap1LAvV4sVA7/cpCCbLnR3HI5IbZHFr6ugJrC0="

[[kit]]
name = "bottlerocket-kernel-kit"
version = "4.6.1"
vendor = "local"
source = "localhost:5000/bottlerocket-kernel-kit:v4.6.1"
digest = "pFns7cy1iQLeLiKdVlceLzgM8fkLTafuylseTyh7USY="

[[kit]]
name = "bottlerocket-core-kit"
version = "11.1.0"
vendor = "local"
source = "localhost:5000/bottlerocket-core-kit:v11.1.0"
digest = "/TUyE/VVGFMMgJEw/UcdOJY17g0vDiWfnSkIenrVxNw="
