schema-version = 1

[sdk]
name = "bottlerocket-sdk"
version = "0.50.0"
vendor = "bottlerocket"
source = "public.ecr.aws/bottlerocket/bottlerocket-sdk:v0.50.0"
digest = "Rjpy/gVgBhU/B696xaK1Y4/drz4pNJu+fyyZSIk9oLE="

[[kit]]
name = "bottlerocket-kernel-kit"
version = "1.0.2"
vendor = "bottlerocket"
source = "public.ecr.aws/bottlerocket/bottlerocket-kernel-kit:v1.0.2"
digest = "LpwDWPrnz82tSbZF87jkcppRuqIkJ48EObt1MaNmVqU="

[[kit]]
name = "bottlerocket-core-kit"
version = "5.2.0"
vendor = "bottlerocket"
source = "public.ecr.aws/bottlerocket/bottlerocket-core-kit:v5.2.0"
digest = "zOKVEcqR/6nVPf70/thtMtupSjWfpS8lY4+7mCwjyLw="
